lockfileVersion: '9.0'

settings:
  autoInstallPeers: true
  excludeLinksFromLockfile: false

importers:

  .:
    devDependencies:
      '@playwright/test':
        specifier: ^1.30.0
        version: 1.47.2
      allure-js-commons:
        specifier: ^3.0.2
        version: 3.0.2(allure-playwright@3.0.2(@playwright/test@1.47.2))
      allure-playwright:
        specifier: ^3.0.2
        version: 3.0.2(@playwright/test@1.47.2)

packages:

  '@playwright/test@1.47.2':
    resolution: {integrity: sha512-jTXRsoSPONAs8Za9QEQdyjFn+0ZQFjCiIztAIF6bi1HqhBzG9Ma7g1WotyiGqFSBRZjIEqMdT8RUlbk1QVhzCQ==}
    engines: {node: '>=18'}
    hasBin: true

  allure-js-commons@3.0.2:
    resolution: {integrity: sha512-dVhuPi5rem4QIDcRpEtnaaClwL0cisoO3PZPEgUXIMML2WlVQ0+OZg17vrjiikJ/NF3Z/C461tyHpibNrBYD/g==}
    peerDependencies:
      allure-playwright: 3.0.2
    peerDependenciesMeta:
      allure-playwright:
        optional: true

  allure-playwright@3.0.2:
    resolution: {integrity: sha512-dijifwziaUlRM/aX7Jgb7gGfOk6l/o7+QITtOA1nQXl1buE9fKgWtpLpRvd0j/YjY81YWqN2U45fJHZyIcyp9Q==}
    peerDependencies:
      '@playwright/test': '>=1.36.0'

  charenc@0.0.2:
    resolution: {integrity: sha512-yrLQ/yVUFXkzg7EDQsPieE/53+0RlaWTs+wBrvW36cyilJ2SaDWfl4Yj7MtLTXleV9uEKefbAGUPv2/iWSooRA==}

  crypt@0.0.2:
    resolution: {integrity: sha512-mCxBlsHFYh9C+HVpiEacem8FEBnMXgU9gy4zmNC+SXAZNB/1idgp/aulFJ4FgCi7GPEVbfyng092GqL2k2rmow==}

  fsevents@2.3.2:
    resolution: {integrity: sha512-xiqMQR4xAeHTuB9uWm+fFRcIOgKBMiOBP+eXiyT7jsgVCq1bkVygt00oASowB7EdtpOHaaPgKt812P9ab+DDKA==}
    engines: {node: ^8.16.0 || ^10.6.0 || >=11.0.0}
    os: [darwin]

  is-buffer@1.1.6:
    resolution: {integrity: sha512-NcdALwpXkTm5Zvvbk7owOUSvVvBKDgKP5/ewfXEznmQFfs4ZRmanOeKBTjRVjka3QFoN6XJ+9F3USqfHqTaU5w==}

  md5@2.3.0:
    resolution: {integrity: sha512-T1GITYmFaKuO91vxyoQMFETst+O71VUPEU3ze5GNzDm0OWdP8v1ziTaAEPUr/3kLsY3Sftgz242A1SetQiDL7g==}

  playwright-core@1.47.2:
    resolution: {integrity: sha512-3JvMfF+9LJfe16l7AbSmU555PaTl2tPyQsVInqm3id16pdDfvZ8TTZ/pyzmkbDrZTQefyzU7AIHlZqQnxpqHVQ==}
    engines: {node: '>=18'}
    hasBin: true

  playwright@1.47.2:
    resolution: {integrity: sha512-nx1cLMmQWqmA3UsnjaaokyoUpdVaaDhJhMoxX2qj3McpjnsqFHs516QAKYhqHAgOP+oCFTEOCOAaD1RgD/RQfA==}
    engines: {node: '>=18'}
    hasBin: true

  properties@1.2.1:
    resolution: {integrity: sha512-qYNxyMj1JeW54i/EWEFsM1cVwxJbtgPp8+0Wg9XjNaK6VE/c4oRi6PNu5p7w1mNXEIQIjV5Wwn8v8Gz82/QzdQ==}
    engines: {node: '>=0.10'}

snapshots:

  '@playwright/test@1.47.2':
    dependencies:
      playwright: 1.47.2

  allure-js-commons@3.0.2(allure-playwright@3.0.2(@playwright/test@1.47.2)):
    dependencies:
      md5: 2.3.0
      properties: 1.2.1
    optionalDependencies:
      allure-playwright: 3.0.2(@playwright/test@1.47.2)

  allure-playwright@3.0.2(@playwright/test@1.47.2):
    dependencies:
      '@playwright/test': 1.47.2
      allure-js-commons: 3.0.2(allure-playwright@3.0.2(@playwright/test@1.47.2))

  charenc@0.0.2: {}

  crypt@0.0.2: {}

  fsevents@2.3.2:
    optional: true

  is-buffer@1.1.6: {}

  md5@2.3.0:
    dependencies:
      charenc: 0.0.2
      crypt: 0.0.2
      is-buffer: 1.1.6

  playwright-core@1.47.2: {}

  playwright@1.47.2:
    dependencies:
      playwright-core: 1.47.2
    optionalDependencies:
      fsevents: 2.3.2

  properties@1.2.1: {}
