# This file is generated by running "yarn install" inside your project.
# Manual changes might be lost - proceed with caution!

__metadata:
  version: 8
  cacheKey: 10c0

"s@workspace:.":
  version: 0.0.0-use.local
  resolution: "s@workspace:."
  dependencies:
    newman: "npm:^6.2.1"
    newman-reporter-allure: "npm:^3.0.1"
  languageName: unknown
  linkType: soft

"@colors/colors@npm:1.5.0":
  version: 1.5.0
  resolution: "@colors/colors@npm:1.5.0"
  checksum: 10c0/eb42729851adca56d19a08e48d5a1e95efd2a32c55ae0323de8119052be0510d4b7a1611f2abcbf28c044a6c11e6b7d38f99fccdad7429300c37a8ea5fb95b44
  languageName: node
  linkType: hard

"@faker-js/faker@npm:5.5.3":
  version: 5.5.3
  resolution: "@faker-js/faker@npm:5.5.3"
  checksum: 10c0/3f7fbf0b0cfe23c7750ab79b123be8f845e5f376ec28bf43b7b017983b6fc3a9dc22543c4eea52e30cc119699c0f47f62a2c02e9eae9b6a20b75955e9c3eb887
  languageName: node
  linkType: hard

"@postman/form-data@npm:~3.1.1":
  version: 3.1.1
  resolution: "@postman/form-data@npm:3.1.1"
  dependencies:
    asynckit: "npm:^0.4.0"
    combined-stream: "npm:^1.0.8"
    mime-types: "npm:^2.1.12"
  checksum: 10c0/cf049e0f40e3c26d233ea82813baeb10ec48aa8b0e9ae92c245b92317fa0259b7bf2ba589ea0f9fdee1fef2d0b4614dc9d7a069ebdda52299e28bb4900c9a66f
  languageName: node
  linkType: hard

"@postman/tough-cookie@npm:4.1.3-postman.1, @postman/tough-cookie@npm:~4.1.3-postman.1":
  version: 4.1.3-postman.1
  resolution: "@postman/tough-cookie@npm:4.1.3-postman.1"
  dependencies:
    psl: "npm:^1.1.33"
    punycode: "npm:^2.1.1"
    universalify: "npm:^0.2.0"
    url-parse: "npm:^1.5.3"
  checksum: 10c0/7f1b1c9dd9d9947d9046cb5f7e805ffca31cac3e8a8c7b887bb14d118f49a7faa95854cabd2a6e05043eb9ec319bece5177d110633edbaf68f8058942888903c
  languageName: node
  linkType: hard

"@postman/tunnel-agent@npm:^0.6.3":
  version: 0.6.4
  resolution: "@postman/tunnel-agent@npm:0.6.4"
  dependencies:
    safe-buffer: "npm:^5.0.1"
  checksum: 10c0/8a4ad751e6371c0c61d3e98a2171c2c1c6eb488d282ca8a17882e9fe9fe5cdc4c70c91350eb456439cb7dcb830f55a620925319d209af851c25e243b6cbc289d
  languageName: node
  linkType: hard

"ajv@npm:^6.12.3":
  version: 6.12.6
  resolution: "ajv@npm:6.12.6"
  dependencies:
    fast-deep-equal: "npm:^3.1.1"
    fast-json-stable-stringify: "npm:^2.0.0"
    json-schema-traverse: "npm:^0.4.1"
    uri-js: "npm:^4.2.2"
  checksum: 10c0/41e23642cbe545889245b9d2a45854ebba51cda6c778ebced9649420d9205f2efb39cb43dbc41e358409223b1ea43303ae4839db682c848b891e4811da1a5a71
  languageName: node
  linkType: hard

"allure-js-commons@npm:3.0.1":
  version: 3.0.1
  resolution: "allure-js-commons@npm:3.0.1"
  dependencies:
    md5: "npm:^2.3.0"
    properties: "npm:^1.2.1"
  peerDependencies:
    allure-playwright: 3.0.1
  peerDependenciesMeta:
    allure-playwright:
      optional: true
  checksum: 10c0/1b62608a429d3f74e2057f3b4a9c932489a0db4a60f36a34ee94bafa5f37dcb760a20da0bf01f40818fe6f90e2b44abfcc64d778a5219a273e3be364f4b5ae58
  languageName: node
  linkType: hard

"ansi-regex@npm:^5.0.1":
  version: 5.0.1
  resolution: "ansi-regex@npm:5.0.1"
  checksum: 10c0/9a64bb8627b434ba9327b60c027742e5d17ac69277960d041898596271d992d4d52ba7267a63ca10232e29f6107fc8a835f6ce8d719b88c5f8493f8254813737
  languageName: node
  linkType: hard

"asn1@npm:~0.2.3":
  version: 0.2.6
  resolution: "asn1@npm:0.2.6"
  dependencies:
    safer-buffer: "npm:~2.1.0"
  checksum: 10c0/00c8a06c37e548762306bcb1488388d2f76c74c36f70c803f0c081a01d3bdf26090fc088cd812afc5e56a6d49e33765d451a5f8a68ab9c2b087eba65d2e980e0
  languageName: node
  linkType: hard

"assert-plus@npm:1.0.0, assert-plus@npm:^1.0.0":
  version: 1.0.0
  resolution: "assert-plus@npm:1.0.0"
  checksum: 10c0/b194b9d50c3a8f872ee85ab110784911e696a4d49f7ee6fc5fb63216dedbefd2c55999c70cb2eaeb4cf4a0e0338b44e9ace3627117b5bf0d42460e9132f21b91
  languageName: node
  linkType: hard

"async@npm:3.2.5":
  version: 3.2.5
  resolution: "async@npm:3.2.5"
  checksum: 10c0/1408287b26c6db67d45cb346e34892cee555b8b59e6c68e6f8c3e495cad5ca13b4f218180e871f3c2ca30df4ab52693b66f2f6ff43644760cab0b2198bda79c1
  languageName: node
  linkType: hard

"asynckit@npm:^0.4.0":
  version: 0.4.0
  resolution: "asynckit@npm:0.4.0"
  checksum: 10c0/d73e2ddf20c4eb9337e1b3df1a0f6159481050a5de457c55b14ea2e5cb6d90bb69e004c9af54737a5ee0917fcf2c9e25de67777bbe58261847846066ba75bc9d
  languageName: node
  linkType: hard

"aws-sign2@npm:~0.7.0":
  version: 0.7.0
  resolution: "aws-sign2@npm:0.7.0"
  checksum: 10c0/021d2cc5547d4d9ef1633e0332e746a6f447997758b8b68d6fb33f290986872d2bff5f0c37d5832f41a7229361f093cd81c40898d96ed153493c0fb5cd8575d2
  languageName: node
  linkType: hard

"aws4@npm:1.12.0":
  version: 1.12.0
  resolution: "aws4@npm:1.12.0"
  checksum: 10c0/1e39c266f53b04daf88e112de93a6006375b386a1b7ab6197260886e39abd012aa90bdd87949c3bf9c30754846031f6d5d8ac4f8676628097c11065b5d39847a
  languageName: node
  linkType: hard

"aws4@npm:^1.12.0":
  version: 1.13.2
  resolution: "aws4@npm:1.13.2"
  checksum: 10c0/c993d0d186d699f685d73113733695d648ec7d4b301aba2e2a559d0cd9c1c902308cc52f4095e1396b23fddbc35113644e7f0a6a32753636306e41e3ed6f1e79
  languageName: node
  linkType: hard

"base64-js@npm:^1.1.2":
  version: 1.5.1
  resolution: "base64-js@npm:1.5.1"
  checksum: 10c0/f23823513b63173a001030fae4f2dabe283b99a9d324ade3ad3d148e218134676f1ee8568c877cd79ec1c53158dcf2d2ba527a97c606618928ba99dd930102bf
  languageName: node
  linkType: hard

"bcrypt-pbkdf@npm:^1.0.0":
  version: 1.0.2
  resolution: "bcrypt-pbkdf@npm:1.0.2"
  dependencies:
    tweetnacl: "npm:^0.14.3"
  checksum: 10c0/ddfe85230b32df25aeebfdccfbc61d3bc493ace49c884c9c68575de1f5dcf733a5d7de9def3b0f318b786616b8d85bad50a28b1da1750c43e0012c93badcc148
  languageName: node
  linkType: hard

"bluebird@npm:^2.6.2":
  version: 2.11.0
  resolution: "bluebird@npm:2.11.0"
  checksum: 10c0/d0c55c4c5f56522ee53e1762908c73ad97e403ce24d80ae99af3bf8902764530df0f7c88f35a1de809aa4b62d474c17f6bd83c8bc4f8cb539c50fddec1896c20
  languageName: node
  linkType: hard

"brotli@npm:^1.3.3":
  version: 1.3.3
  resolution: "brotli@npm:1.3.3"
  dependencies:
    base64-js: "npm:^1.1.2"
  checksum: 10c0/9d24e24f8b7eabf44af034ed5f7d5530008b835f09a107a84ac060723e86dd43c6aa68958691fe5df524f59473b35f5ce2e0854aa1152c0a254d1010f51bcf22
  languageName: node
  linkType: hard

"caseless@npm:~0.12.0":
  version: 0.12.0
  resolution: "caseless@npm:0.12.0"
  checksum: 10c0/ccf64bcb6c0232cdc5b7bd91ddd06e23a4b541f138336d4725233ac538041fb2f29c2e86c3c4a7a61ef990b665348db23a047060b9414c3a6603e9fa61ad4626
  languageName: node
  linkType: hard

"chardet@npm:2.0.0":
  version: 2.0.0
  resolution: "chardet@npm:2.0.0"
  checksum: 10c0/e4d302e6116bf421d8dd0eaac09b5b3f9d88c17d9540f81ccde40e586c2a868c8a67a0dd4b1fe702f5ad63580623832884f65c43b9dffb6814e45eb005e26215
  languageName: node
  linkType: hard

"charenc@npm:0.0.2":
  version: 0.0.2
  resolution: "charenc@npm:0.0.2"
  checksum: 10c0/a45ec39363a16799d0f9365c8dd0c78e711415113c6f14787a22462ef451f5013efae8a28f1c058f81fc01f2a6a16955f7a5fd0cd56247ce94a45349c89877d8
  languageName: node
  linkType: hard

"charset@npm:^1.0.0":
  version: 1.0.1
  resolution: "charset@npm:1.0.1"
  checksum: 10c0/20575230d85e940dcf4694ce488881207fb2a3c916f1c62b9e105c4e42f9ff7f3a52cd6c473ca0342dcef61272c6c6e533fcee62a08d101deeff0793a547a6ea
  languageName: node
  linkType: hard

"cli-progress@npm:3.12.0":
  version: 3.12.0
  resolution: "cli-progress@npm:3.12.0"
  dependencies:
    string-width: "npm:^4.2.3"
  checksum: 10c0/f464cb19ebde2f3880620a2adfaeeefaec6cb15c8e610c8a659ca1047ee90d69f3bf2fdabbb1fe33ac408678e882e3e0eecdb84ab5df0edf930b269b8a72682d
  languageName: node
  linkType: hard

"cli-table3@npm:0.6.5":
  version: 0.6.5
  resolution: "cli-table3@npm:0.6.5"
  dependencies:
    "@colors/colors": "npm:1.5.0"
    string-width: "npm:^4.2.0"
  dependenciesMeta:
    "@colors/colors":
      optional: true
  checksum: 10c0/d7cc9ed12212ae68241cc7a3133c52b844113b17856e11f4f81308acc3febcea7cc9fd298e70933e294dd642866b29fd5d113c2c098948701d0c35f09455de78
  languageName: node
  linkType: hard

"colors@npm:1.4.0":
  version: 1.4.0
  resolution: "colors@npm:1.4.0"
  checksum: 10c0/9af357c019da3c5a098a301cf64e3799d27549d8f185d86f79af23069e4f4303110d115da98483519331f6fb71c8568d5688fa1c6523600044fd4a54e97c4efb
  languageName: node
  linkType: hard

"combined-stream@npm:^1.0.8, combined-stream@npm:~1.0.6":
  version: 1.0.8
  resolution: "combined-stream@npm:1.0.8"
  dependencies:
    delayed-stream: "npm:~1.0.0"
  checksum: 10c0/0dbb829577e1b1e839fa82b40c07ffaf7de8a09b935cadd355a73652ae70a88b4320db322f6634a4ad93424292fa80973ac6480986247f1734a1137debf271d5
  languageName: node
  linkType: hard

"commander@npm:11.1.0":
  version: 11.1.0
  resolution: "commander@npm:11.1.0"
  checksum: 10c0/13cc6ac875e48780250f723fb81c1c1178d35c5decb1abb1b628b3177af08a8554e76b2c0f29de72d69eef7c864d12613272a71fabef8047922bc622ab75a179
  languageName: node
  linkType: hard

"commander@npm:8.3.0":
  version: 8.3.0
  resolution: "commander@npm:8.3.0"
  checksum: 10c0/8b043bb8322ea1c39664a1598a95e0495bfe4ca2fad0d84a92d7d1d8d213e2a155b441d2470c8e08de7c4a28cf2bc6e169211c49e1b21d9f7edc6ae4d9356060
  languageName: node
  linkType: hard

"core-util-is@npm:1.0.2":
  version: 1.0.2
  resolution: "core-util-is@npm:1.0.2"
  checksum: 10c0/980a37a93956d0de8a828ce508f9b9e3317039d68922ca79995421944146700e4aaf490a6dbfebcb1c5292a7184600c7710b957d724be1e37b8254c6bc0fe246
  languageName: node
  linkType: hard

"crypt@npm:0.0.2":
  version: 0.0.2
  resolution: "crypt@npm:0.0.2"
  checksum: 10c0/adbf263441dd801665d5425f044647533f39f4612544071b1471962209d235042fb703c27eea2795c7c53e1dfc242405173003f83cf4f4761a633d11f9653f18
  languageName: node
  linkType: hard

"csv-parse@npm:4.16.3":
  version: 4.16.3
  resolution: "csv-parse@npm:4.16.3"
  checksum: 10c0/40771fda105b10c3e44551fa4dbeab462315400deb572f2918c19d5848addd95ea3479aaaeaaf3bbd9235593a6d798dd90b9e6ba5c4ce570979bafc4bb1ba5f0
  languageName: node
  linkType: hard

"dashdash@npm:^1.12.0":
  version: 1.14.1
  resolution: "dashdash@npm:1.14.1"
  dependencies:
    assert-plus: "npm:^1.0.0"
  checksum: 10c0/64589a15c5bd01fa41ff7007e0f2c6552c5ef2028075daa16b188a3721f4ba001841bf306dfc2eee6e2e6e7f76b38f5f17fb21fa847504192290ffa9e150118a
  languageName: node
  linkType: hard

"delayed-stream@npm:~1.0.0":
  version: 1.0.0
  resolution: "delayed-stream@npm:1.0.0"
  checksum: 10c0/d758899da03392e6712f042bec80aa293bbe9e9ff1b2634baae6a360113e708b91326594c8a486d475c69d6259afb7efacdc3537bfcda1c6c648e390ce601b19
  languageName: node
  linkType: hard

"des.js@npm:^1.0.1":
  version: 1.1.0
  resolution: "des.js@npm:1.1.0"
  dependencies:
    inherits: "npm:^2.0.1"
    minimalistic-assert: "npm:^1.0.0"
  checksum: 10c0/671354943ad67493e49eb4c555480ab153edd7cee3a51c658082fcde539d2690ed2a4a0b5d1f401f9cde822edf3939a6afb2585f32c091f2d3a1b1665cd45236
  languageName: node
  linkType: hard

"ecc-jsbn@npm:~0.1.1":
  version: 0.1.2
  resolution: "ecc-jsbn@npm:0.1.2"
  dependencies:
    jsbn: "npm:~0.1.0"
    safer-buffer: "npm:^2.1.0"
  checksum: 10c0/6cf168bae1e2dad2e46561d9af9cbabfbf5ff592176ad4e9f0f41eaaf5fe5e10bb58147fe0a804de62b1ee9dad42c28810c88d652b21b6013c47ba8efa274ca1
  languageName: node
  linkType: hard

"emoji-regex@npm:^8.0.0":
  version: 8.0.0
  resolution: "emoji-regex@npm:8.0.0"
  checksum: 10c0/b6053ad39951c4cf338f9092d7bfba448cdfd46fe6a2a034700b149ac9ffbc137e361cbd3c442297f86bed2e5f7576c1b54cc0a6bf8ef5106cc62f496af35010
  languageName: node
  linkType: hard

"extend@npm:~3.0.2":
  version: 3.0.2
  resolution: "extend@npm:3.0.2"
  checksum: 10c0/73bf6e27406e80aa3e85b0d1c4fd987261e628064e170ca781125c0b635a3dabad5e05adbf07595ea0cf1e6c5396cacb214af933da7cbaf24fe75ff14818e8f9
  languageName: node
  linkType: hard

"extsprintf@npm:1.3.0":
  version: 1.3.0
  resolution: "extsprintf@npm:1.3.0"
  checksum: 10c0/f75114a8388f0cbce68e277b6495dc3930db4dde1611072e4a140c24e204affd77320d004b947a132e9a3b97b8253017b2b62dce661975fb0adced707abf1ab5
  languageName: node
  linkType: hard

"extsprintf@npm:^1.2.0":
  version: 1.4.1
  resolution: "extsprintf@npm:1.4.1"
  checksum: 10c0/e10e2769985d0e9b6c7199b053a9957589d02e84de42832c295798cb422a025e6d4a92e0259c1fb4d07090f5bfde6b55fd9f880ac5855bd61d775f8ab75a7ab0
  languageName: node
  linkType: hard

"fast-deep-equal@npm:^3.1.1":
  version: 3.1.3
  resolution: "fast-deep-equal@npm:3.1.3"
  checksum: 10c0/40dedc862eb8992c54579c66d914635afbec43350afbbe991235fdcb4e3a8d5af1b23ae7e79bef7d4882d0ecee06c3197488026998fb19f72dc95acff1d1b1d0
  languageName: node
  linkType: hard

"fast-json-stable-stringify@npm:^2.0.0":
  version: 2.1.0
  resolution: "fast-json-stable-stringify@npm:2.1.0"
  checksum: 10c0/7f081eb0b8a64e0057b3bb03f974b3ef00135fbf36c1c710895cd9300f13c94ba809bb3a81cf4e1b03f6e5285610a61abbd7602d0652de423144dfee5a389c9b
  languageName: node
  linkType: hard

"file-type@npm:3.9.0":
  version: 3.9.0
  resolution: "file-type@npm:3.9.0"
  checksum: 10c0/7ae074b350c2300807a99d428600a8ee6b2ace901400898706a20ddc2c43c9abb7e05177ff55ed67a2fd26dfa9b91857b21ec9c0ab3202b9cabebc7e65900240
  languageName: node
  linkType: hard

"filesize@npm:10.1.4":
  version: 10.1.4
  resolution: "filesize@npm:10.1.4"
  checksum: 10c0/b02a792da0da66fce5525566691369db6f0fadf5407b3626ca14821998dfaec65cf4a69fc3ca3ae999bf963e4afa19a8a787996f935c508506cccff3cc075faf
  languageName: node
  linkType: hard

"flatted@npm:3.2.6":
  version: 3.2.6
  resolution: "flatted@npm:3.2.6"
  checksum: 10c0/cc86d6c699de3557ede84ae31d4a23f24f7800fd40904e1a1645f9a6a8f23d0267a0661fcbde801e7f36e065a481a512cb2ed53d150280d2049abd0a876d4e8b
  languageName: node
  linkType: hard

"forever-agent@npm:~0.6.1":
  version: 0.6.1
  resolution: "forever-agent@npm:0.6.1"
  checksum: 10c0/364f7f5f7d93ab661455351ce116a67877b66f59aca199559a999bd39e3cfadbfbfacc10415a915255e2210b30c23febe9aec3ca16bf2d1ff11c935a1000e24c
  languageName: node
  linkType: hard

"getpass@npm:^0.1.1":
  version: 0.1.7
  resolution: "getpass@npm:0.1.7"
  dependencies:
    assert-plus: "npm:^1.0.0"
  checksum: 10c0/c13f8530ecf16fc509f3fa5cd8dd2129ffa5d0c7ccdf5728b6022d52954c2d24be3706b4cdf15333eec52f1fbb43feb70a01dabc639d1d10071e371da8aaa52f
  languageName: node
  linkType: hard

"handlebars@npm:4.7.8":
  version: 4.7.8
  resolution: "handlebars@npm:4.7.8"
  dependencies:
    minimist: "npm:^1.2.5"
    neo-async: "npm:^2.6.2"
    source-map: "npm:^0.6.1"
    uglify-js: "npm:^3.1.4"
    wordwrap: "npm:^1.0.0"
  dependenciesMeta:
    uglify-js:
      optional: true
  bin:
    handlebars: bin/handlebars
  checksum: 10c0/7aff423ea38a14bb379316f3857fe0df3c5d66119270944247f155ba1f08e07a92b340c58edaa00cfe985c21508870ee5183e0634dcb53dd405f35c93ef7f10d
  languageName: node
  linkType: hard

"har-schema@npm:^2.0.0":
  version: 2.0.0
  resolution: "har-schema@npm:2.0.0"
  checksum: 10c0/3856cb76152658e0002b9c2b45b4360bb26b3e832c823caed8fcf39a01096030bf09fa5685c0f7b0f2cb3ecba6e9dce17edaf28b64a423d6201092e6be56e592
  languageName: node
  linkType: hard

"har-validator@npm:~5.1.3":
  version: 5.1.5
  resolution: "har-validator@npm:5.1.5"
  dependencies:
    ajv: "npm:^6.12.3"
    har-schema: "npm:^2.0.0"
  checksum: 10c0/f1d606eb1021839e3a905be5ef7cca81c2256a6be0748efb8fefc14312214f9e6c15d7f2eaf37514104071207d84f627b68bb9f6178703da4e06fbd1a0649a5e
  languageName: node
  linkType: hard

"http-reasons@npm:0.1.0":
  version: 0.1.0
  resolution: "http-reasons@npm:0.1.0"
  checksum: 10c0/1de8a3b4675eec6ed8730c3051a0e5bd63f930c5bec4df3f59878be2a04f4a9815fc614b1b6f0285f440912334b2b1b2b636d2fbbe38990754bfac5e720b2141
  languageName: node
  linkType: hard

"http-signature@npm:~1.3.1":
  version: 1.3.6
  resolution: "http-signature@npm:1.3.6"
  dependencies:
    assert-plus: "npm:^1.0.0"
    jsprim: "npm:^2.0.2"
    sshpk: "npm:^1.14.1"
  checksum: 10c0/f8d15d8c91a5a80805530e2f401a3f83ed55162058651d86ad00df294b159a54e001b5d00e04983f7542a55865aee02d2d83d68c8499137ff2bc142553d8dfc2
  languageName: node
  linkType: hard

"httpntlm@npm:1.8.13":
  version: 1.8.13
  resolution: "httpntlm@npm:1.8.13"
  dependencies:
    des.js: "npm:^1.0.1"
    httpreq: "npm:>=0.4.22"
    js-md4: "npm:^0.3.2"
    underscore: "npm:~1.12.1"
  checksum: 10c0/1ea2b3e92a4faec452792e2b7c6fdb9dd75a4ab266a5261270f67c704495f72888ac0eac55b9fb8229d541e97ded856a0b32a60fc186e11342a97837196bcc0b
  languageName: node
  linkType: hard

"httpreq@npm:>=0.4.22":
  version: 1.1.1
  resolution: "httpreq@npm:1.1.1"
  checksum: 10c0/d7d30d2e744277d8f0183d2388721c85116aa072b8bd514707abb3fae075c661953454116cd91e4460e4d941513aba398be4110b1617bbe598103ed915ba932c
  languageName: node
  linkType: hard

"iconv-lite@npm:0.6.3":
  version: 0.6.3
  resolution: "iconv-lite@npm:0.6.3"
  dependencies:
    safer-buffer: "npm:>= 2.1.2 < 3.0.0"
  checksum: 10c0/98102bc66b33fcf5ac044099d1257ba0b7ad5e3ccd3221f34dd508ab4070edff183276221684e1e0555b145fce0850c9f7d2b60a9fcac50fbb4ea0d6e845a3b1
  languageName: node
  linkType: hard

"inherits@npm:2.0.4, inherits@npm:^2.0.1":
  version: 2.0.4
  resolution: "inherits@npm:2.0.4"
  checksum: 10c0/4e531f648b29039fb7426fb94075e6545faa1eb9fe83c29f0b6d9e7263aceb4289d2d4557db0d428188eeb449cc7c5e77b0a0b2c4e248ff2a65933a0dee49ef2
  languageName: node
  linkType: hard

"is-buffer@npm:~1.1.6":
  version: 1.1.6
  resolution: "is-buffer@npm:1.1.6"
  checksum: 10c0/ae18aa0b6e113d6c490ad1db5e8df9bdb57758382b313f5a22c9c61084875c6396d50bbf49315f5b1926d142d74dfb8d31b40d993a383e0a158b15fea7a82234
  languageName: node
  linkType: hard

"is-fullwidth-code-point@npm:^3.0.0":
  version: 3.0.0
  resolution: "is-fullwidth-code-point@npm:3.0.0"
  checksum: 10c0/bb11d825e049f38e04c06373a8d72782eee0205bda9d908cc550ccb3c59b99d750ff9537982e01733c1c94a58e35400661f57042158ff5e8f3e90cf936daf0fc
  languageName: node
  linkType: hard

"is-typedarray@npm:~1.0.0":
  version: 1.0.0
  resolution: "is-typedarray@npm:1.0.0"
  checksum: 10c0/4c096275ba041a17a13cca33ac21c16bc4fd2d7d7eb94525e7cd2c2f2c1a3ab956e37622290642501ff4310601e413b675cf399ad6db49855527d2163b3eeeec
  languageName: node
  linkType: hard

"isstream@npm:~0.1.2":
  version: 0.1.2
  resolution: "isstream@npm:0.1.2"
  checksum: 10c0/a6686a878735ca0a48e0d674dd6d8ad31aedfaf70f07920da16ceadc7577b46d67179a60b313f2e6860cb097a2c2eb3cbd0b89e921ae89199a59a17c3273d66f
  languageName: node
  linkType: hard

"jose@npm:4.14.4":
  version: 4.14.4
  resolution: "jose@npm:4.14.4"
  checksum: 10c0/cb13d70f2336c0a45210f8e4e71ed8d4d82a884ad66776308f5ab9a90e2087419782e0b288d2a9070657620637f0d2dbcac6f3164ed9ba8903c0096e282cec3c
  languageName: node
  linkType: hard

"js-md4@npm:^0.3.2":
  version: 0.3.2
  resolution: "js-md4@npm:0.3.2"
  checksum: 10c0/8313e00c45f710a53bdadc199c095b48ebaf54ea7b8cdb67a3f1863c270a5e9d0f89f204436b73866002af8c7ac4cacc872fdf271fc70e26614e424c7685b577
  languageName: node
  linkType: hard

"js-sha512@npm:0.9.0":
  version: 0.9.0
  resolution: "js-sha512@npm:0.9.0"
  checksum: 10c0/00b85acae8ffde790a703a5424ae03c97c623b008135388396db1bfb1ac0ebf7356c5ff0d5a17630b5ae25ac09fe35eed2abc66bc276e9dc86fcb3cabcfcdfa2
  languageName: node
  linkType: hard

"jsbn@npm:~0.1.0":
  version: 0.1.1
  resolution: "jsbn@npm:0.1.1"
  checksum: 10c0/e046e05c59ff880ee4ef68902dbdcb6d2f3c5d60c357d4d68647dc23add556c31c0e5f41bdb7e69e793dd63468bd9e085da3636341048ef577b18f5b713877c0
  languageName: node
  linkType: hard

"json-schema-traverse@npm:^0.4.1":
  version: 0.4.1
  resolution: "json-schema-traverse@npm:0.4.1"
  checksum: 10c0/108fa90d4cc6f08243aedc6da16c408daf81793bf903e9fd5ab21983cda433d5d2da49e40711da016289465ec2e62e0324dcdfbc06275a607fe3233fde4942ce
  languageName: node
  linkType: hard

"json-schema@npm:0.4.0":
  version: 0.4.0
  resolution: "json-schema@npm:0.4.0"
  checksum: 10c0/d4a637ec1d83544857c1c163232f3da46912e971d5bf054ba44fdb88f07d8d359a462b4aec46f2745efbc57053365608d88bc1d7b1729f7b4fc3369765639ed3
  languageName: node
  linkType: hard

"json-stringify-safe@npm:~5.0.1":
  version: 5.0.1
  resolution: "json-stringify-safe@npm:5.0.1"
  checksum: 10c0/7dbf35cd0411d1d648dceb6d59ce5857ec939e52e4afc37601aa3da611f0987d5cee5b38d58329ceddf3ed48bd7215229c8d52059ab01f2444a338bf24ed0f37
  languageName: node
  linkType: hard

"jsprim@npm:^2.0.2":
  version: 2.0.2
  resolution: "jsprim@npm:2.0.2"
  dependencies:
    assert-plus: "npm:1.0.0"
    extsprintf: "npm:1.3.0"
    json-schema: "npm:0.4.0"
    verror: "npm:1.10.0"
  checksum: 10c0/677be2d41df536c92c6d0114a492ef197084018cfbb1a3e10b1fa1aad889564b2e3a7baa6af7949cc2d73678f42368b0be165a26bd4e4de6883a30dd6a24e98d
  languageName: node
  linkType: hard

"liquid-json@npm:0.3.1":
  version: 0.3.1
  resolution: "liquid-json@npm:0.3.1"
  checksum: 10c0/ce222e9e14891d1153efb2c9d74cc3972cb86dc8cf82d58cbde77fb5f77b66045a3a63c1e89deff12a4d22696143667871d686d45e0db5a5d34f206131600549
  languageName: node
  linkType: hard

"lodash@npm:4.17.21":
  version: 4.17.21
  resolution: "lodash@npm:4.17.21"
  checksum: 10c0/d8cbea072bb08655bb4c989da418994b073a608dffa608b09ac04b43a791b12aeae7cd7ad919aa4c925f33b48490b5cfe6c1f71d827956071dae2e7bb3a6b74c
  languageName: node
  linkType: hard

"lru-cache@npm:^6.0.0":
  version: 6.0.0
  resolution: "lru-cache@npm:6.0.0"
  dependencies:
    yallist: "npm:^4.0.0"
  checksum: 10c0/cb53e582785c48187d7a188d3379c181b5ca2a9c78d2bce3e7dee36f32761d1c42983da3fe12b55cb74e1779fa94cdc2e5367c028a9b35317184ede0c07a30a9
  languageName: node
  linkType: hard

"md5@npm:^2.3.0":
  version: 2.3.0
  resolution: "md5@npm:2.3.0"
  dependencies:
    charenc: "npm:0.0.2"
    crypt: "npm:0.0.2"
    is-buffer: "npm:~1.1.6"
  checksum: 10c0/14a21d597d92e5b738255fbe7fe379905b8cb97e0a49d44a20b58526a646ec5518c337b817ce0094ca94d3e81a3313879c4c7b510d250c282d53afbbdede9110
  languageName: node
  linkType: hard

"mime-db@npm:1.52.0":
  version: 1.52.0
  resolution: "mime-db@npm:1.52.0"
  checksum: 10c0/0557a01deebf45ac5f5777fe7740b2a5c309c6d62d40ceab4e23da9f821899ce7a900b7ac8157d4548ddbb7beffe9abc621250e6d182b0397ec7f10c7b91a5aa
  languageName: node
  linkType: hard

"mime-format@npm:2.0.1":
  version: 2.0.1
  resolution: "mime-format@npm:2.0.1"
  dependencies:
    charset: "npm:^1.0.0"
  checksum: 10c0/f6c0183841c3f48eab9674384270191414112cd334359741fc2c8448ef1e488fe9740cc63dd6bf6eb09ffe5a44a8122ac8e305bc90077afbffea33338944a412
  languageName: node
  linkType: hard

"mime-types@npm:2.1.35, mime-types@npm:^2.1.12, mime-types@npm:^2.1.35":
  version: 2.1.35
  resolution: "mime-types@npm:2.1.35"
  dependencies:
    mime-db: "npm:1.52.0"
  checksum: 10c0/82fb07ec56d8ff1fc999a84f2f217aa46cb6ed1033fefaabd5785b9a974ed225c90dc72fff460259e66b95b73648596dbcc50d51ed69cdf464af2d237d3149b2
  languageName: node
  linkType: hard

"minimalistic-assert@npm:^1.0.0":
  version: 1.0.1
  resolution: "minimalistic-assert@npm:1.0.1"
  checksum: 10c0/96730e5601cd31457f81a296f521eb56036e6f69133c0b18c13fe941109d53ad23a4204d946a0d638d7f3099482a0cec8c9bb6d642604612ce43ee536be3dddd
  languageName: node
  linkType: hard

"minimist@npm:^1.2.5":
  version: 1.2.8
  resolution: "minimist@npm:1.2.8"
  checksum: 10c0/19d3fcdca050087b84c2029841a093691a91259a47def2f18222f41e7645a0b7c44ef4b40e88a1e58a40c84d2ef0ee6047c55594d298146d0eb3f6b737c20ce6
  languageName: node
  linkType: hard

"mkdirp@npm:3.0.1":
  version: 3.0.1
  resolution: "mkdirp@npm:3.0.1"
  bin:
    mkdirp: dist/cjs/src/bin.js
  checksum: 10c0/9f2b975e9246351f5e3a40dcfac99fcd0baa31fbfab615fe059fb11e51f10e4803c63de1f384c54d656e4db31d000e4767e9ef076a22e12a641357602e31d57d
  languageName: node
  linkType: hard

"neo-async@npm:^2.6.2":
  version: 2.6.2
  resolution: "neo-async@npm:2.6.2"
  checksum: 10c0/c2f5a604a54a8ec5438a342e1f356dff4bc33ccccdb6dc668d94fe8e5eccfc9d2c2eea6064b0967a767ba63b33763f51ccf2cd2441b461a7322656c1f06b3f5d
  languageName: node
  linkType: hard

"newman-reporter-allure@npm:^3.0.1":
  version: 3.0.1
  resolution: "newman-reporter-allure@npm:3.0.1"
  dependencies:
    allure-js-commons: "npm:3.0.1"
  peerDependencies:
    newman: ">=3.5.0"
  peerDependenciesMeta:
    newman:
      optional: true
  checksum: 10c0/dcf49f57002bc3fc57ceca8cab7d8a3d9b46d623e2e6fe5643e30129d88b4075f6fb0738e52ab05a244e8f6d050d7f4170199d0cbc26a2d1ae3c6588cf21054a
  languageName: node
  linkType: hard

"newman@npm:^6.2.1":
  version: 6.2.1
  resolution: "newman@npm:6.2.1"
  dependencies:
    "@postman/tough-cookie": "npm:4.1.3-postman.1"
    async: "npm:3.2.5"
    chardet: "npm:2.0.0"
    cli-progress: "npm:3.12.0"
    cli-table3: "npm:0.6.5"
    colors: "npm:1.4.0"
    commander: "npm:11.1.0"
    csv-parse: "npm:4.16.3"
    filesize: "npm:10.1.4"
    liquid-json: "npm:0.3.1"
    lodash: "npm:4.17.21"
    mkdirp: "npm:3.0.1"
    postman-collection: "npm:4.4.0"
    postman-collection-transformer: "npm:4.1.8"
    postman-request: "npm:2.88.1-postman.34"
    postman-runtime: "npm:7.39.1"
    pretty-ms: "npm:7.0.1"
    semver: "npm:7.6.3"
    serialised-error: "npm:1.1.3"
    word-wrap: "npm:1.2.5"
    xmlbuilder: "npm:15.1.1"
  bin:
    newman: bin/newman.js
  checksum: 10c0/f8163adc9b15bb3b367f3cec2f41fd2a4f4302bd60d79eafa6d95079ab9421edee94295088e7cb84e4a6a8ad6153306752a999bda2dcfab4e0228aa9c4521f63
  languageName: node
  linkType: hard

"node-forge@npm:1.3.1":
  version: 1.3.1
  resolution: "node-forge@npm:1.3.1"
  checksum: 10c0/e882819b251a4321f9fc1d67c85d1501d3004b4ee889af822fd07f64de3d1a8e272ff00b689570af0465d65d6bf5074df9c76e900e0aff23e60b847f2a46fbe8
  languageName: node
  linkType: hard

"node-oauth1@npm:1.3.0":
  version: 1.3.0
  resolution: "node-oauth1@npm:1.3.0"
  checksum: 10c0/c1489fb06599016ad9bc00114b9182c49ccfbc658935499d0ca1adbdaa75c799ba62b44027e99fe5c0444b8a0b398b4b594730864563cbb30d6fa806e1f3693b
  languageName: node
  linkType: hard

"oauth-sign@npm:~0.9.0":
  version: 0.9.0
  resolution: "oauth-sign@npm:0.9.0"
  checksum: 10c0/fc92a516f6ddbb2699089a2748b04f55c47b6ead55a77cd3a2cbbce5f7af86164cb9425f9ae19acfd066f1ad7d3a96a67b8928c6ea946426f6d6c29e448497c2
  languageName: node
  linkType: hard

"object-hash@npm:^1.1.2":
  version: 1.3.1
  resolution: "object-hash@npm:1.3.1"
  checksum: 10c0/2132ca5ada8bb4995a19759810ad3442f7cfb4cde3fbf49f52652144df4198f5abe7e268e7e6707f92332debbf20234e20b54391fc782f236732df8f1742bd01
  languageName: node
  linkType: hard

"parse-ms@npm:^2.1.0":
  version: 2.1.0
  resolution: "parse-ms@npm:2.1.0"
  checksum: 10c0/9c5c0a95c6267c84085685556a6e102ee806c3147ec11cbb9b98e35998eb4a48a757bd6ea7bfd930062de65909a33d24985055b4394e70aa0b65ee40cef16911
  languageName: node
  linkType: hard

"performance-now@npm:2.1.0, performance-now@npm:^2.1.0":
  version: 2.1.0
  resolution: "performance-now@npm:2.1.0"
  checksum: 10c0/22c54de06f269e29f640e0e075207af57de5052a3d15e360c09b9a8663f393f6f45902006c1e71aa8a5a1cdfb1a47fe268826f8496d6425c362f00f5bc3e85d9
  languageName: node
  linkType: hard

"postman-collection-transformer@npm:4.1.8":
  version: 4.1.8
  resolution: "postman-collection-transformer@npm:4.1.8"
  dependencies:
    commander: "npm:8.3.0"
    inherits: "npm:2.0.4"
    lodash: "npm:4.17.21"
    semver: "npm:7.5.4"
    strip-json-comments: "npm:3.1.1"
  bin:
    postman-collection-transformer: bin/transform-collection.js
  checksum: 10c0/84eae0c210b6dd5f8d9059cbdc65c3afc88064e682897b298d8e76a0afb12c4606fdd12ff870fa32935c3c55002231551534455c974d9025609428cc9c9c57a9
  languageName: node
  linkType: hard

"postman-collection@npm:4.4.0":
  version: 4.4.0
  resolution: "postman-collection@npm:4.4.0"
  dependencies:
    "@faker-js/faker": "npm:5.5.3"
    file-type: "npm:3.9.0"
    http-reasons: "npm:0.1.0"
    iconv-lite: "npm:0.6.3"
    liquid-json: "npm:0.3.1"
    lodash: "npm:4.17.21"
    mime-format: "npm:2.0.1"
    mime-types: "npm:2.1.35"
    postman-url-encoder: "npm:3.0.5"
    semver: "npm:7.5.4"
    uuid: "npm:8.3.2"
  checksum: 10c0/d8a636deff3752d79ea03fe64b39e9c7bb635f5dbad10def2e1ed02dd87e51274994e0a5eb65bd0882240e8687297e85b2f04b3242a4f3523869de75b4b1dc53
  languageName: node
  linkType: hard

"postman-request@npm:2.88.1-postman.34":
  version: 2.88.1-postman.34
  resolution: "postman-request@npm:2.88.1-postman.34"
  dependencies:
    "@postman/form-data": "npm:~3.1.1"
    "@postman/tough-cookie": "npm:~4.1.3-postman.1"
    "@postman/tunnel-agent": "npm:^0.6.3"
    aws-sign2: "npm:~0.7.0"
    aws4: "npm:^1.12.0"
    brotli: "npm:^1.3.3"
    caseless: "npm:~0.12.0"
    combined-stream: "npm:~1.0.6"
    extend: "npm:~3.0.2"
    forever-agent: "npm:~0.6.1"
    har-validator: "npm:~5.1.3"
    http-signature: "npm:~1.3.1"
    is-typedarray: "npm:~1.0.0"
    isstream: "npm:~0.1.2"
    json-stringify-safe: "npm:~5.0.1"
    mime-types: "npm:^2.1.35"
    oauth-sign: "npm:~0.9.0"
    performance-now: "npm:^2.1.0"
    qs: "npm:~6.5.3"
    safe-buffer: "npm:^5.1.2"
    stream-length: "npm:^1.0.2"
    uuid: "npm:^8.3.2"
  checksum: 10c0/5916199f2ae4d977a7ae90663987586ca32578728f0d7de9903ec5b9e1c2ebc3b542813807c3ab4ea93142ad6a0be6f15b8b5b036f1b696415fe7b77e4c47c97
  languageName: node
  linkType: hard

"postman-runtime@npm:7.39.1":
  version: 7.39.1
  resolution: "postman-runtime@npm:7.39.1"
  dependencies:
    "@postman/tough-cookie": "npm:4.1.3-postman.1"
    async: "npm:3.2.5"
    aws4: "npm:1.12.0"
    handlebars: "npm:4.7.8"
    httpntlm: "npm:1.8.13"
    jose: "npm:4.14.4"
    js-sha512: "npm:0.9.0"
    lodash: "npm:4.17.21"
    mime-types: "npm:2.1.35"
    node-forge: "npm:1.3.1"
    node-oauth1: "npm:1.3.0"
    performance-now: "npm:2.1.0"
    postman-collection: "npm:4.4.0"
    postman-request: "npm:2.88.1-postman.34"
    postman-sandbox: "npm:4.7.1"
    postman-url-encoder: "npm:3.0.5"
    serialised-error: "npm:1.1.3"
    strip-json-comments: "npm:3.1.1"
    uuid: "npm:8.3.2"
  checksum: 10c0/21ab665ffa8e6b875380ebd38b8f339302936997e68d0ee95335561218f196d12661eb59ba42d42a34aaebe70bd2cbd3e215f243e0bbbfe290888ee342e740ef
  languageName: node
  linkType: hard

"postman-sandbox@npm:4.7.1":
  version: 4.7.1
  resolution: "postman-sandbox@npm:4.7.1"
  dependencies:
    lodash: "npm:4.17.21"
    postman-collection: "npm:4.4.0"
    teleport-javascript: "npm:1.0.0"
    uvm: "npm:2.1.1"
  checksum: 10c0/27573c331b5871da41f73eca97cd1079c8471179cb1b5ff0440ece6d14fa98c97735b0729aac5750ad2cff492375180da7f340afea6493bd6917acce50a72eaa
  languageName: node
  linkType: hard

"postman-url-encoder@npm:3.0.5":
  version: 3.0.5
  resolution: "postman-url-encoder@npm:3.0.5"
  dependencies:
    punycode: "npm:^2.1.1"
  checksum: 10c0/b7d389c1e7edd27e3992685caf0443fde6f47c92cb26fd9536fccbdf4f3a8bb4e723940c6fcb63eb69db72221f472143b3db3b4c28d4e0588d766f1668624b4d
  languageName: node
  linkType: hard

"pretty-ms@npm:7.0.1":
  version: 7.0.1
  resolution: "pretty-ms@npm:7.0.1"
  dependencies:
    parse-ms: "npm:^2.1.0"
  checksum: 10c0/069aec9d939e7903846b3db53b020bed92e3dc5909e0fef09ec8ab104a0b7f9a846605a1633c60af900d288582fb333f6f30469e59d6487a2330301fad35a89c
  languageName: node
  linkType: hard

"properties@npm:^1.2.1":
  version: 1.2.1
  resolution: "properties@npm:1.2.1"
  checksum: 10c0/c6ed008981dbe66e5d622064559166924d6bd56a0b9c4dcb41889457c47467683bda4091c69c348bf703051f95d8fa53cac4dc658172f9f752c00b8622dbc708
  languageName: node
  linkType: hard

"psl@npm:^1.1.33":
  version: 1.9.0
  resolution: "psl@npm:1.9.0"
  checksum: 10c0/6a3f805fdab9442f44de4ba23880c4eba26b20c8e8e0830eff1cb31007f6825dace61d17203c58bfe36946842140c97a1ba7f67bc63ca2d88a7ee052b65d97ab
  languageName: node
  linkType: hard

"punycode@npm:^2.1.0, punycode@npm:^2.1.1":
  version: 2.3.1
  resolution: "punycode@npm:2.3.1"
  checksum: 10c0/14f76a8206bc3464f794fb2e3d3cc665ae416c01893ad7a02b23766eb07159144ee612ad67af5e84fa4479ccfe67678c4feb126b0485651b302babf66f04f9e9
  languageName: node
  linkType: hard

"qs@npm:~6.5.3":
  version: 6.5.3
  resolution: "qs@npm:6.5.3"
  checksum: 10c0/6631d4f2fa9d315e480662646745a4aa3a708817fbffe2cbdacec8ab9be130f92740c66191770fe9b704bc5fa9c1cc1f6596f55ad132fef7bd3ad1582f199eb0
  languageName: node
  linkType: hard

"querystringify@npm:^2.1.1":
  version: 2.2.0
  resolution: "querystringify@npm:2.2.0"
  checksum: 10c0/3258bc3dbdf322ff2663619afe5947c7926a6ef5fb78ad7d384602974c467fadfc8272af44f5eb8cddd0d011aae8fabf3a929a8eee4b86edcc0a21e6bd10f9aa
  languageName: node
  linkType: hard

"requires-port@npm:^1.0.0":
  version: 1.0.0
  resolution: "requires-port@npm:1.0.0"
  checksum: 10c0/b2bfdd09db16c082c4326e573a82c0771daaf7b53b9ce8ad60ea46aa6e30aaf475fe9b164800b89f93b748d2c234d8abff945d2551ba47bf5698e04cd7713267
  languageName: node
  linkType: hard

"safe-buffer@npm:^5.0.1, safe-buffer@npm:^5.1.2":
  version: 5.2.1
  resolution: "safe-buffer@npm:5.2.1"
  checksum: 10c0/6501914237c0a86e9675d4e51d89ca3c21ffd6a31642efeba25ad65720bce6921c9e7e974e5be91a786b25aa058b5303285d3c15dbabf983a919f5f630d349f3
  languageName: node
  linkType: hard

"safer-buffer@npm:>= 2.1.2 < 3.0.0, safer-buffer@npm:^2.0.2, safer-buffer@npm:^2.1.0, safer-buffer@npm:~2.1.0":
  version: 2.1.2
  resolution: "safer-buffer@npm:2.1.2"
  checksum: 10c0/7e3c8b2e88a1841c9671094bbaeebd94448111dd90a81a1f606f3f67708a6ec57763b3b47f06da09fc6054193e0e6709e77325415dc8422b04497a8070fa02d4
  languageName: node
  linkType: hard

"semver@npm:7.5.4":
  version: 7.5.4
  resolution: "semver@npm:7.5.4"
  dependencies:
    lru-cache: "npm:^6.0.0"
  bin:
    semver: bin/semver.js
  checksum: 10c0/5160b06975a38b11c1ab55950cb5b8a23db78df88275d3d8a42ccf1f29e55112ac995b3a26a522c36e3b5f76b0445f1eef70d696b8c7862a2b4303d7b0e7609e
  languageName: node
  linkType: hard

"semver@npm:7.6.3":
  version: 7.6.3
  resolution: "semver@npm:7.6.3"
  bin:
    semver: bin/semver.js
  checksum: 10c0/88f33e148b210c153873cb08cfe1e281d518aaa9a666d4d148add6560db5cd3c582f3a08ccb91f38d5f379ead256da9931234ed122057f40bb5766e65e58adaf
  languageName: node
  linkType: hard

"serialised-error@npm:1.1.3":
  version: 1.1.3
  resolution: "serialised-error@npm:1.1.3"
  dependencies:
    object-hash: "npm:^1.1.2"
    stack-trace: "npm:0.0.9"
    uuid: "npm:^3.0.0"
  checksum: 10c0/c83ce274e17f6acd4476cdfe8130513360eabcd894eca407dba8e54e4d130812a89309261fcfbe5a7cf05df39b55825a787deb64917699e3f85acdffaf65bc83
  languageName: node
  linkType: hard

"source-map@npm:^0.6.1":
  version: 0.6.1
  resolution: "source-map@npm:0.6.1"
  checksum: 10c0/ab55398007c5e5532957cb0beee2368529618ac0ab372d789806f5718123cc4367d57de3904b4e6a4170eb5a0b0f41373066d02ca0735a0c4d75c7d328d3e011
  languageName: node
  linkType: hard

"sshpk@npm:^1.14.1":
  version: 1.18.0
  resolution: "sshpk@npm:1.18.0"
  dependencies:
    asn1: "npm:~0.2.3"
    assert-plus: "npm:^1.0.0"
    bcrypt-pbkdf: "npm:^1.0.0"
    dashdash: "npm:^1.12.0"
    ecc-jsbn: "npm:~0.1.1"
    getpass: "npm:^0.1.1"
    jsbn: "npm:~0.1.0"
    safer-buffer: "npm:^2.0.2"
    tweetnacl: "npm:~0.14.0"
  bin:
    sshpk-conv: bin/sshpk-conv
    sshpk-sign: bin/sshpk-sign
    sshpk-verify: bin/sshpk-verify
  checksum: 10c0/e516e34fa981cfceef45fd2e947772cc70dbd57523e5c608e2cd73752ba7f8a99a04df7c3ed751588e8d91956b6f16531590b35d3489980d1c54c38bebcd41b1
  languageName: node
  linkType: hard

"stack-trace@npm:0.0.9":
  version: 0.0.9
  resolution: "stack-trace@npm:0.0.9"
  checksum: 10c0/dd4fc71b4b5e956550d4aeea35b74893dfa79981237ebcaa071f4a38bba78d7fd553ec402fc5a63018a52dc75c1ebe61847c3b84ef7654b3e85e44b6a5728cfd
  languageName: node
  linkType: hard

"stream-length@npm:^1.0.2":
  version: 1.0.2
  resolution: "stream-length@npm:1.0.2"
  dependencies:
    bluebird: "npm:^2.6.2"
  checksum: 10c0/30d8aacf47cba78f914b33f8274dd9ce8f4265bdd0de1943438e60b195f80536cdd3c80bd6c029a2b4c6dd07e4df0909a1bd289a664a1dbbbaedfeb27e9491cb
  languageName: node
  linkType: hard

"string-width@npm:^4.2.0, string-width@npm:^4.2.3":
  version: 4.2.3
  resolution: "string-width@npm:4.2.3"
  dependencies:
    emoji-regex: "npm:^8.0.0"
    is-fullwidth-code-point: "npm:^3.0.0"
    strip-ansi: "npm:^6.0.1"
  checksum: 10c0/1e525e92e5eae0afd7454086eed9c818ee84374bb80328fc41217ae72ff5f065ef1c9d7f72da41de40c75fa8bb3dee63d92373fd492c84260a552c636392a47b
  languageName: node
  linkType: hard

"strip-ansi@npm:^6.0.1":
  version: 6.0.1
  resolution: "strip-ansi@npm:6.0.1"
  dependencies:
    ansi-regex: "npm:^5.0.1"
  checksum: 10c0/1ae5f212a126fe5b167707f716942490e3933085a5ff6c008ab97ab2f272c8025d3aa218b7bd6ab25729ca20cc81cddb252102f8751e13482a5199e873680952
  languageName: node
  linkType: hard

"strip-json-comments@npm:3.1.1":
  version: 3.1.1
  resolution: "strip-json-comments@npm:3.1.1"
  checksum: 10c0/9681a6257b925a7fa0f285851c0e613cc934a50661fa7bb41ca9cbbff89686bb4a0ee366e6ecedc4daafd01e83eee0720111ab294366fe7c185e935475ebcecd
  languageName: node
  linkType: hard

"teleport-javascript@npm:1.0.0":
  version: 1.0.0
  resolution: "teleport-javascript@npm:1.0.0"
  checksum: 10c0/01d94dec9f156ba553aede3276d8364b04973c94a4483f69a246ae504b57d2eb35ecdb00226581ae3149d4aee8833b93f3bd379a869e4f41bf1721651afd6408
  languageName: node
  linkType: hard

"tweetnacl@npm:^0.14.3, tweetnacl@npm:~0.14.0":
  version: 0.14.5
  resolution: "tweetnacl@npm:0.14.5"
  checksum: 10c0/4612772653512c7bc19e61923fbf42903f5e0389ec76a4a1f17195859d114671ea4aa3b734c2029ce7e1fa7e5cc8b80580f67b071ecf0b46b5636d030a0102a2
  languageName: node
  linkType: hard

"uglify-js@npm:^3.1.4":
  version: 3.19.3
  resolution: "uglify-js@npm:3.19.3"
  bin:
    uglifyjs: bin/uglifyjs
  checksum: 10c0/83b0a90eca35f778e07cad9622b80c448b6aad457c9ff8e568afed978212b42930a95f9e1be943a1ffa4258a3340fbb899f41461131c05bb1d0a9c303aed8479
  languageName: node
  linkType: hard

"underscore@npm:~1.12.1":
  version: 1.12.1
  resolution: "underscore@npm:1.12.1"
  checksum: 10c0/00f392357e363353ac485e7c156b749505087e31ff4fdad22e04ebd2f94a56fbc554cd41a6722e3895a818466cf298b1cae93ff6211d102d373a9b50db63bfd0
  languageName: node
  linkType: hard

"universalify@npm:^0.2.0":
  version: 0.2.0
  resolution: "universalify@npm:0.2.0"
  checksum: 10c0/cedbe4d4ca3967edf24c0800cfc161c5a15e240dac28e3ce575c689abc11f2c81ccc6532c8752af3b40f9120fb5e454abecd359e164f4f6aa44c29cd37e194fe
  languageName: node
  linkType: hard

"uri-js@npm:^4.2.2":
  version: 4.4.1
  resolution: "uri-js@npm:4.4.1"
  dependencies:
    punycode: "npm:^2.1.0"
  checksum: 10c0/4ef57b45aa820d7ac6496e9208559986c665e49447cb072744c13b66925a362d96dd5a46c4530a6b8e203e5db5fe849369444440cb22ecfc26c679359e5dfa3c
  languageName: node
  linkType: hard

"url-parse@npm:^1.5.3":
  version: 1.5.10
  resolution: "url-parse@npm:1.5.10"
  dependencies:
    querystringify: "npm:^2.1.1"
    requires-port: "npm:^1.0.0"
  checksum: 10c0/bd5aa9389f896974beb851c112f63b466505a04b4807cea2e5a3b7092f6fbb75316f0491ea84e44f66fed55f1b440df5195d7e3a8203f64fcefa19d182f5be87
  languageName: node
  linkType: hard

"uuid@npm:8.3.2, uuid@npm:^8.3.2":
  version: 8.3.2
  resolution: "uuid@npm:8.3.2"
  bin:
    uuid: dist/bin/uuid
  checksum: 10c0/bcbb807a917d374a49f475fae2e87fdca7da5e5530820ef53f65ba1d12131bd81a92ecf259cc7ce317cbe0f289e7d79fdfebcef9bfa3087c8c8a2fa304c9be54
  languageName: node
  linkType: hard

"uuid@npm:^3.0.0":
  version: 3.4.0
  resolution: "uuid@npm:3.4.0"
  bin:
    uuid: ./bin/uuid
  checksum: 10c0/1c13950df865c4f506ebfe0a24023571fa80edf2e62364297a537c80af09c618299797bbf2dbac6b1f8ae5ad182ba474b89db61e0e85839683991f7e08795347
  languageName: node
  linkType: hard

"uvm@npm:2.1.1":
  version: 2.1.1
  resolution: "uvm@npm:2.1.1"
  dependencies:
    flatted: "npm:3.2.6"
  checksum: 10c0/7012a5a7a6ce2f5df3bf09b770ef8a6e56950abc07663ee92f62d63803a22f872a4e71d5d6be881ef43985966c89f364c58cc4189f80f7c6a689968603413b36
  languageName: node
  linkType: hard

"verror@npm:1.10.0":
  version: 1.10.0
  resolution: "verror@npm:1.10.0"
  dependencies:
    assert-plus: "npm:^1.0.0"
    core-util-is: "npm:1.0.2"
    extsprintf: "npm:^1.2.0"
  checksum: 10c0/37ccdf8542b5863c525128908ac80f2b476eed36a32cb944de930ca1e2e78584cc435c4b9b4c68d0fc13a47b45ff364b4be43aa74f8804f9050140f660fb660d
  languageName: node
  linkType: hard

"word-wrap@npm:1.2.5":
  version: 1.2.5
  resolution: "word-wrap@npm:1.2.5"
  checksum: 10c0/e0e4a1ca27599c92a6ca4c32260e8a92e8a44f4ef6ef93f803f8ed823f486e0889fc0b93be4db59c8d51b3064951d25e43d434e95dc8c960cc3a63d65d00ba20
  languageName: node
  linkType: hard

"wordwrap@npm:^1.0.0":
  version: 1.0.0
  resolution: "wordwrap@npm:1.0.0"
  checksum: 10c0/7ed2e44f3c33c5c3e3771134d2b0aee4314c9e49c749e37f464bf69f2bcdf0cbf9419ca638098e2717cff4875c47f56a007532f6111c3319f557a2ca91278e92
  languageName: node
  linkType: hard

"xmlbuilder@npm:15.1.1":
  version: 15.1.1
  resolution: "xmlbuilder@npm:15.1.1"
  checksum: 10c0/665266a8916498ff8d82b3d46d3993913477a254b98149ff7cff060d9b7cc0db7cf5a3dae99aed92355254a808c0e2e3ec74ad1b04aa1061bdb8dfbea26c18b8
  languageName: node
  linkType: hard

"yallist@npm:^4.0.0":
  version: 4.0.0
  resolution: "yallist@npm:4.0.0"
  checksum: 10c0/2286b5e8dbfe22204ab66e2ef5cc9bbb1e55dfc873bbe0d568aa943eb255d131890dfd5bf243637273d31119b870f49c18fcde2c6ffbb7a7a092b870dc90625a
  languageName: node
  linkType: hard
